dependencies:
  '@tinyhttp/app': 0.2.39
  '@tinyhttp/cors': 0.2.10
  '@tinyhttp/logger': 0.3.12
  '@types/body-parser': 1.19.0
  '@types/node': 14.0.26
  body-parser: 1.19.0
devDependencies:
  ts-node: 8.10.2_typescript@3.9.7
  typescript: 3.9.7
lockfileVersion: 5.1
packages:
  /@tinyhttp/app/0.2.39:
    dependencies:
      '@tinyhttp/cookie': 0.1.9
      '@tinyhttp/cookie-signature': 0.1.9
      '@tinyhttp/etag': 0.2.9
      es-accepts: 0.0.15
      es-content-type: 0.0.7
      es-fresh: 0.0.5
      es-mime-types: 0.0.11
      proxy-addr: 2.0.6
      range-parser: 1.2.1
      regexparam: 1.3.0
    dev: false
    engines:
      node: '>=12.x'
    resolution:
      integrity: sha512-BD6HPe7k/DWWryHtvqumxXTRm3/AGIU23GfIWbwkvgzjTxaWgNOvpwx+Hly1p4h5/a5ihKfUBFW9pq4QqR6m1A==
  /@tinyhttp/cookie-signature/0.1.9:
    dev: false
    engines:
      node: '>=12.4.0'
    resolution:
      integrity: sha512-G1mJek0dkEs7CtG+wjv/Rwoq/T0lhyND/RPahw9VJ3xME/P5X8DeDOSZcGXxul9M3S1CtY4D0QbhHz96LOtumA==
  /@tinyhttp/cookie/0.1.9:
    dev: false
    engines:
      node: '>=12.4.0'
    resolution:
      integrity: sha512-lkXENxb+/y/PhPgVfSVulyX7Vt3XhUWixNy3q7K2hffqd4ft+hD9AwChzt0qASjaASjyO9WtjH1fpcdcpPOKKQ==
  /@tinyhttp/cors/0.2.10:
    dependencies:
      es-vary: 0.0.3
    dev: false
    engines:
      node: '>=12.4.0'
    resolution:
      integrity: sha512-yiotu/Lv+l/DJEaat1d/AGoKTgQUk3GMhwDe2aXNyQGIw7/F+yi4XCDYjCuM/XB8hiXUmATkWOgx8zAKTh9mAg==
  /@tinyhttp/etag/0.2.9:
    dev: false
    engines:
      node: '>=12.4.0'
    resolution:
      integrity: sha512-NWDbnWtxPqqzLd2NY6ZAye34GtvQNgmnHO4ogwRyNilhTC2p1X1AkSlHXCpSI8Ub4RVeC9FNI1LWyq2O5mHgpA==
  /@tinyhttp/logger/0.3.12:
    dependencies:
      colorette: 1.2.1
      dayjs: 1.8.30
    dev: false
    engines:
      node: '>=12.4.0'
    resolution:
      integrity: sha512-eNa6S93Ua9mqBMbpPD0nLC3AQrPfOjAOiODuzKK/VKcBHzJeyMhUV5i5tvv1Pw3coykn5CEiCcqU+tx9tECobw==
  /@types/body-parser/1.19.0:
    dependencies:
      '@types/connect': 3.4.33
      '@types/node': 14.0.23
    dev: false
    resolution:
      integrity: sha512-W98JrE0j2K78swW4ukqMleo8R7h/pFETjM2DQ90MF6XK2i4LO4W3gQ71Lt4w3bfm2EvVSyWHplECvB5sK22yFQ==
  /@types/connect/3.4.33:
    dependencies:
      '@types/node': 14.0.23
    dev: false
    resolution:
      integrity: sha512-2+FrkXY4zllzTNfJth7jOqEHC+enpLeGslEhpnTAkg21GkRrWV4SsAtqchtT4YS9/nODBU2/ZfsBY2X4J/dX7A==
  /@types/node/14.0.23:
    dev: false
    resolution:
      integrity: sha512-Z4U8yDAl5TFkmYsZdFPdjeMa57NOvnaf1tljHzhouaPEp7LCj2JKkejpI1ODviIAQuW4CcQmxkQ77rnLsOOoKw==
  /@types/node/14.0.26:
    dev: false
    resolution:
      integrity: sha512-W+fpe5s91FBGE0pEa0lnqGLL4USgpLgs4nokw16SrBBco/gQxuua7KnArSEOd5iaMqbbSHV10vUDkJYJJqpXKA==
  /arg/4.1.3:
    dev: true
    resolution:
      integrity: sha512-58S9QDqG0Xx27YwPSt9fJxivjYl432YCwfDMfZ+71RAqUrZef7LrKQZ3LHLOwCS4FLNBplP533Zx895SeOCHvA==
  /body-parser/1.19.0:
    dependencies:
      bytes: 3.1.0
      content-type: 1.0.4
      debug: 2.6.9
      depd: 1.1.2
      http-errors: 1.7.2
      iconv-lite: 0.4.24
      on-finished: 2.3.0
      qs: 6.7.0
      raw-body: 2.4.0
      type-is: 1.6.18
    dev: false
    engines:
      node: '>= 0.8'
    resolution:
      integrity: sha512-dhEPs72UPbDnAQJ9ZKMNTP6ptJaionhP5cBb541nXPlW60Jepo9RV/a4fX4XWW9CuFNK22krhrj1+rgzifNCsw==
  /buffer-from/1.1.1:
    dev: true
    resolution:
      integrity: sha512-MQcXEUbCKtEo7bhqEs6560Hyd4XaovZlO/k9V3hjVUF/zwW7KBVdSK4gIt/bzwS9MbR5qob+F5jusZsb0YQK2A==
  /bytes/3.1.0:
    dev: false
    engines:
      node: '>= 0.8'
    resolution:
      integrity: sha512-zauLjrfCG+xvoyaqLoV8bLVXXNGC4JqlxFCutSDWA6fJrTo2ZuvLYTqZ7aHBLZSMOopbzwv8f+wZcVzfVTI2Dg==
  /colorette/1.2.1:
    dev: false
    resolution:
      integrity: sha512-puCDz0CzydiSYOrnXpz/PKd69zRrribezjtE9yd4zvytoRc8+RY/KJPvtPFKZS3E3wP6neGyMe0vOTlHO5L3Pw==
  /content-type/1.0.4:
    dev: false
    engines:
      node: '>= 0.6'
    resolution:
      integrity: sha512-hIP3EEPs8tB9AT1L+NUqtwOAps4mk2Zob89MWXMHjHWg9milF/j4osnnQLXBCBFBk/tvIG/tUc9mOUJiPBhPXA==
  /dayjs/1.8.30:
    dev: false
    resolution:
      integrity: sha512-5s5IGuP5bVvIbOWkEDcfmXsUj24fZW1NMHVVSdSFF/kW8d+alZcI9SpBKC+baEyBe+z3fUp17y75ulstv5swUw==
  /debug/2.6.9:
    dependencies:
      ms: 2.0.0
    dev: false
    resolution:
      integrity: sha512-bC7ElrdJaJnPbAP+1EotYvqZsb3ecl5wi6Bfi6BJTUcNowp6cvspg0jXznRTKDjm/E7AdgFBVeAPVMNcKGsHMA==
  /depd/1.1.2:
    dev: false
    engines:
      node: '>= 0.6'
    resolution:
      integrity: sha1-m81S4UwJd2PnSbJ0xDRu0uVgtak=
  /diff/4.0.2:
    dev: true
    engines:
      node: '>=0.3.1'
    resolution:
      integrity: sha512-58lmxKSA4BNyLz+HHMUzlOEpg09FV+ev6ZMe3vJihgdxzgcwZ8VoEEPmALCZG9LmqfVoNMMKpttIYTVG6uDY7A==
  /ee-first/1.1.1:
    dev: false
    resolution:
      integrity: sha1-WQxhFWsK4vTwJVcyoViyZrxWsh0=
  /es-accepts/0.0.15:
    dependencies:
      es-mime-types: 0.0.10
      negotiator: 0.6.2
    dev: false
    engines:
      node: '>=12.x'
    resolution:
      integrity: sha512-G6J+YGSsrusdlzx2QQJ/ezKXSxKi455zTOux5b41OMQYDhKNmdnSgna3JDhQ34luwNzna8FEvKkN/jIAJa2pKA==
  /es-content-type/0.0.7:
    dev: false
    engines:
      node: '>=12.x'
    resolution:
      integrity: sha512-K9IZdlJ6rZ/d17tsnfmq2JiWVOd644tz5tuDMnlSm4HT/NAb91Z2Ob827Ewk/U/Cizo3j8iVkdeZV9VpaFxAdQ==
  /es-fresh/0.0.5:
    dev: false
    engines:
      node: '>=12.x'
    resolution:
      integrity: sha512-19++jhteq1AU/UiXycrJUZUhTWbBMgIj//g8bnzKzIAOwsNXJdV7uxChurlJrrXUa0w7+kGgOuOxEUseCt1S/w==
  /es-mime-types/0.0.10:
    dependencies:
      mime-db: 1.44.0
    dev: false
    engines:
      node: '>=12.x'
    resolution:
      integrity: sha512-tGMLNZZFVRzD0kxNxnf3O4Z2LTC4/gYoXd4J4DbfL8LeZif7jGR5cmPb8SkLckRWe8PkGy+yfwjdg99kyOet3Q==
  /es-mime-types/0.0.11:
    dependencies:
      mime-db: 1.44.0
    dev: false
    engines:
      node: '>=12.x'
    resolution:
      integrity: sha512-sbnuyF2F/XFOXKZNe3cKkgS+UJ+TwpK4B2Lw/m11ZpnlXtCei8zc94BxLQWgJBmjpm2ami69JavQks1E2XJo1A==
  /es-vary/0.0.3:
    dev: false
    engines:
      node: '>=12.x'
    resolution:
      integrity: sha512-JfIPV9eZE7J7lF6/XegaikflF8isqDbpPjRTjDZqnTaj9Rd2darv0Dp9bzTg2FlhZAM4C/MhQYR9b3Jgt6tMeg==
  /forwarded/0.1.2:
    dev: false
    engines:
      node: '>= 0.6'
    resolution:
      integrity: sha1-mMI9qxF1ZXuMBXPozszZGw/xjIQ=
  /http-errors/1.7.2:
    dependencies:
      depd: 1.1.2
      inherits: 2.0.3
      setprototypeof: 1.1.1
      statuses: 1.5.0
      toidentifier: 1.0.0
    dev: false
    engines:
      node: '>= 0.6'
    resolution:
      integrity: sha512-uUQBt3H/cSIVfch6i1EuPNy/YsRSOUBXTVfZ+yR7Zjez3qjBz6i9+i4zjNaoqcoFVI4lQJ5plg63TvGfRSDCRg==
  /iconv-lite/0.4.24:
    dependencies:
      safer-buffer: 2.1.2
    dev: false
    engines:
      node: '>=0.10.0'
    resolution:
      integrity: sha512-v3MXnZAcvnywkTUEZomIActle7RXXeedOR31wwl7VlyoXO4Qi9arvSenNQWne1TcRwhCL1HwLI21bEqdpj8/rA==
  /inherits/2.0.3:
    dev: false
    resolution:
      integrity: sha1-Yzwsg+PaQqUC9SRmAiSA9CCCYd4=
  /ipaddr.js/1.9.1:
    dev: false
    engines:
      node: '>= 0.10'
    resolution:
      integrity: sha512-0KI/607xoxSToH7GjN1FfSbLoU0+btTicjsQSWQlh/hZykN8KpmMf7uYwPW3R+akZ6R/w18ZlXSHBYXiYUPO3g==
  /make-error/1.3.6:
    dev: true
    resolution:
      integrity: sha512-s8UhlNe7vPKomQhC1qFelMokr/Sc3AgNbso3n74mVPA5LTZwkB9NlXf4XPamLxJE8h0gh73rM94xvwRT2CVInw==
  /media-typer/0.3.0:
    dev: false
    engines:
      node: '>= 0.6'
    resolution:
      integrity: sha1-hxDXrwqmJvj/+hzgAWhUUmMlV0g=
  /mime-db/1.44.0:
    dev: false
    engines:
      node: '>= 0.6'
    resolution:
      integrity: sha512-/NOTfLrsPBVeH7YtFPgsVWveuL+4SjjYxaQ1xtM1KMFj7HdxlBlxeyNLzhyJVx7r4rZGJAZ/6lkKCitSc/Nmpg==
  /mime-types/2.1.27:
    dependencies:
      mime-db: 1.44.0
    dev: false
    engines:
      node: '>= 0.6'
    resolution:
      integrity: sha512-JIhqnCasI9yD+SsmkquHBxTSEuZdQX5BuQnS2Vc7puQQQ+8yiP5AY5uWhpdv4YL4VM5c6iliiYWPgJ/nJQLp7w==
  /ms/2.0.0:
    dev: false
    resolution:
      integrity: sha1-VgiurfwAvmwpAd9fmGF4jeDVl8g=
  /negotiator/0.6.2:
    dev: false
    engines:
      node: '>= 0.6'
    resolution:
      integrity: sha512-hZXc7K2e+PgeI1eDBe/10Ard4ekbfrrqG8Ep+8Jmf4JID2bNg7NvCPOZN+kfF574pFQI7mum2AUqDidoKqcTOw==
  /on-finished/2.3.0:
    dependencies:
      ee-first: 1.1.1
    dev: false
    engines:
      node: '>= 0.8'
    resolution:
      integrity: sha1-IPEzZIGwg811M3mSoWlxqi2QaUc=
  /proxy-addr/2.0.6:
    dependencies:
      forwarded: 0.1.2
      ipaddr.js: 1.9.1
    dev: false
    engines:
      node: '>= 0.10'
    resolution:
      integrity: sha512-dh/frvCBVmSsDYzw6n926jv974gddhkFPfiN8hPOi30Wax25QZyZEGveluCgliBnqmuM+UJmBErbAUFIoDbjOw==
  /qs/6.7.0:
    dev: false
    engines:
      node: '>=0.6'
    resolution:
      integrity: sha512-VCdBRNFTX1fyE7Nb6FYoURo/SPe62QCaAyzJvUjwRaIsc+NePBEniHlvxFmmX56+HZphIGtV0XeCirBtpDrTyQ==
  /range-parser/1.2.1:
    dev: false
    engines:
      node: '>= 0.6'
    resolution:
      integrity: sha512-Hrgsx+orqoygnmhFbKaHE6c296J+HTAQXoxEF6gNupROmmGJRoyzfG3ccAveqCBrwr/2yxQ5BVd/GTl5agOwSg==
  /raw-body/2.4.0:
    dependencies:
      bytes: 3.1.0
      http-errors: 1.7.2
      iconv-lite: 0.4.24
      unpipe: 1.0.0
    dev: false
    engines:
      node: '>= 0.8'
    resolution:
      integrity: sha512-4Oz8DUIwdvoa5qMJelxipzi/iJIi40O5cGV1wNYp5hvZP8ZN0T+jiNkL0QepXs+EsQ9XJ8ipEDoiH70ySUJP3Q==
  /regexparam/1.3.0:
    dev: false
    engines:
      node: '>=6'
    resolution:
      integrity: sha512-6IQpFBv6e5vz1QAqI+V4k8P2e/3gRrqfCJ9FI+O1FLQTO+Uz6RXZEZOPmTJ6hlGj7gkERzY5BRCv09whKP96/g==
  /safer-buffer/2.1.2:
    dev: false
    resolution:
      integrity: sha512-YZo3K82SD7Riyi0E1EQPojLz7kpepnSQI9IyPbHHg1XXXevb5dJI7tpyN2ADxGcQbHG7vcyRHk0cbwqcQriUtg==
  /setprototypeof/1.1.1:
    dev: false
    resolution:
      integrity: sha512-JvdAWfbXeIGaZ9cILp38HntZSFSo3mWg6xGcJJsd+d4aRMOqauag1C63dJfDw7OaMYwEbHMOxEZ1lqVRYP2OAw==
  /source-map-support/0.5.19:
    dependencies:
      buffer-from: 1.1.1
      source-map: 0.6.1
    dev: true
    resolution:
      integrity: sha512-Wonm7zOCIJzBGQdB+thsPar0kYuCIzYvxZwlBa87yi/Mdjv7Tip2cyVbLj5o0cFPN4EVkuTwb3GDDyUx2DGnGw==
  /source-map/0.6.1:
    dev: true
    engines:
      node: '>=0.10.0'
    resolution:
      integrity: sha512-UjgapumWlbMhkBgzT7Ykc5YXUT46F0iKu8SGXq0bcwP5dz/h0Plj6enJqjz1Zbq2l5WaqYnrVbwWOWMyF3F47g==
  /statuses/1.5.0:
    dev: false
    engines:
      node: '>= 0.6'
    resolution:
      integrity: sha1-Fhx9rBd2Wf2YEfQ3cfqZOBR4Yow=
  /toidentifier/1.0.0:
    dev: false
    engines:
      node: '>=0.6'
    resolution:
      integrity: sha512-yaOH/Pk/VEhBWWTlhI+qXxDFXlejDGcQipMlyxda9nthulaxLZUNcUqFxokp0vcYnvteJln5FNQDRrxj3YcbVw==
  /ts-node/8.10.2_typescript@3.9.7:
    dependencies:
      arg: 4.1.3
      diff: 4.0.2
      make-error: 1.3.6
      source-map-support: 0.5.19
      typescript: 3.9.7
      yn: 3.1.1
    dev: true
    engines:
      node: '>=6.0.0'
    hasBin: true
    peerDependencies:
      typescript: '>=2.7'
    resolution:
      integrity: sha512-ISJJGgkIpDdBhWVu3jufsWpK3Rzo7bdiIXJjQc0ynKxVOVcg2oIrf2H2cejminGrptVc6q6/uynAHNCuWGbpVA==
  /type-is/1.6.18:
    dependencies:
      media-typer: 0.3.0
      mime-types: 2.1.27
    dev: false
    engines:
      node: '>= 0.6'
    resolution:
      integrity: sha512-TkRKr9sUTxEH8MdfuCSP7VizJyzRNMjj2J2do2Jr3Kym598JVdEksuzPQCnlFPW4ky9Q+iA+ma9BGm06XQBy8g==
  /typescript/3.9.7:
    dev: true
    engines:
      node: '>=4.2.0'
    hasBin: true
    resolution:
      integrity: sha512-BLbiRkiBzAwsjut4x/dsibSTB6yWpwT5qWmC2OfuCg3GgVQCSgMs4vEctYPhsaGtd0AeuuHMkjZ2h2WG8MSzRw==
  /unpipe/1.0.0:
    dev: false
    engines:
      node: '>= 0.8'
    resolution:
      integrity: sha1-sr9O6FFKrmFltIF4KdIbLvSZBOw=
  /yn/3.1.1:
    dev: true
    engines:
      node: '>=6'
    resolution:
      integrity: sha512-Ux4ygGWsu2c7isFWe8Yu1YluJmqVhxqK2cLXNQA5AcC3QfbGNpM7fu0Y8b/z16pXLnFxZYvWhd3fhBY9DLmC6Q==
specifiers:
  '@tinyhttp/app': ^0.2.39
  '@tinyhttp/cors': ^0.2.10
  '@tinyhttp/logger': ^0.3.12
  '@types/body-parser': ^1.19.0
  '@types/node': ^14.0.26
  body-parser: ^1.19.0
  ts-node: ^8.10.2
  typescript: ^3.9.7
